
Microsoft Visual Studio Solution File, Format Version 12.00
# Visual Studio Version 17
VisualStudioVersion = 17.4.33213.308
MinimumVisualStudioVersion = 10.0.40219.1
Project("{FAE04EC0-301F-11D3-BF4B-00C04F79EFBC}") = "Server Service", "Server Service.csproj", "{AD9AEEDE-2FE3-4601-B5D7-B76ECD460B2B}"
EndProject
Global
	GlobalSection(SolutionConfigurationPlatforms) = preSolution
		Debug|Any CPU = Debug|Any CPU
		Release|Any CPU = Release|Any CPU
	EndGlobalSection
	GlobalSection(ProjectConfigurationPlatforms) = postSolution
		{AD9AEEDE-2FE3-4601-B5D7-B76ECD460B2B}.Debug|Any CPU.ActiveCfg = Debug|Any CPU
		{AD9AEEDE-2FE3-4601-B5D7-B76ECD460B2B}.Debug|Any CPU.Build.0 = Debug|Any CPU
		{AD9AEEDE-2FE3-4601-B5D7-B76ECD460B2B}.Release|Any CPU.ActiveCfg = Release|Any CPU
		{AD9AEEDE-2FE3-4601-B5D7-B76ECD460B2B}.Release|Any CPU.Build.0 = Release|Any CPU
	EndGlobalSection
	GlobalSection(SolutionProperties) = preSolution
		HideSolutionNode = FALSE
	EndGlobalSection
	GlobalSection(ExtensibilityGlobals) = postSolution
		SolutionGuid = {C00AF1F9-084C-454A-BA4F-0596E87305C6}
	EndGlobalSection
EndGlobal
